// !$*UTF8*$!
{
	archiveVersion = 1;
	classes = {
	};
	objectVersion = 46;
	objects = {

/* Begin PBXBuildFile section */
		2202114B175EF32900E139F9 /* Cocoa.framework in Frameworks */ = {isa = PBXBuildFile; fileRef = 2202114A175EF32900E139F9 /* Cocoa.framework */; };
		22021155175EF32900E139F9 /* InfoPlist.strings in Resources */ = {isa = PBXBuildFile; fileRef = 22021153175EF32900E139F9 /* InfoPlist.strings */; };
		22021157175EF32900E139F9 /* main.m in Sources */ = {isa = PBXBuildFile; fileRef = 22021156175EF32900E139F9 /* main.m */; };
		2202115B175EF32900E139F9 /* Credits.rtf in Resources */ = {isa = PBXBuildFile; fileRef = 22021159175EF32900E139F9 /* Credits.rtf */; };
		2202115E175EF32900E139F9 /* AppDelegate.m in Sources */ = {isa = PBXBuildFile; fileRef = 2202115D175EF32900E139F9 /* AppDelegate.m */; };
		22021161175EF32900E139F9 /* MainMenu.xib in Resources */ = {isa = PBXBuildFile; fileRef = 2202115F175EF32900E139F9 /* MainMenu.xib */; };
		22021172175EF43F00E139F9 /* fileUtil.mm in Sources */ = {isa = PBXBuildFile; fileRef = 2202116B175EF43F00E139F9 /* fileUtil.mm */; };
		22021173175EF43F00E139F9 /* glUtil.cpp in Sources */ = {isa = PBXBuildFile; fileRef = 2202116C175EF43F00E139F9 /* glUtil.cpp */; };
		22021174175EF43F00E139F9 /* sourceUtil.cpp in Sources */ = {isa = PBXBuildFile; fileRef = 2202116E175EF43F00E139F9 /* sourceUtil.cpp */; };
		22021176175EF46A00E139F9 /* OpenGL.framework in Frameworks */ = {isa = PBXBuildFile; fileRef = 22021175175EF46A00E139F9 /* OpenGL.framework */; };
		22021179175EF54000E139F9 /* NyanOpenGLView.mm in Sources */ = {isa = PBXBuildFile; fileRef = 22021178175EF54000E139F9 /* NyanOpenGLView.mm */; };
		2202117C175EF57800E139F9 /* GameController.mm in Sources */ = {isa = PBXBuildFile; fileRef = 2202117A175EF57800E139F9 /* GameController.mm */; };
		22021188175F031600E139F9 /* CoreVideo.framework in Frameworks */ = {isa = PBXBuildFile; fileRef = 22021187175F031600E139F9 /* CoreVideo.framework */; };
		2202118A175F03AA00E139F9 /* CoreFoundation.framework in Frameworks */ = {isa = PBXBuildFile; fileRef = 22021189175F03AA00E139F9 /* CoreFoundation.framework */; };
		22021191175F06A400E139F9 /* libmoai-osx-luaext.a in Frameworks */ = {isa = PBXBuildFile; fileRef = 2202118C175F06A300E139F9 /* libmoai-osx-luaext.a */; };
		22021194175F06A400E139F9 /* libmoai-osx.a in Frameworks */ = {isa = PBXBuildFile; fileRef = 2202118F175F06A300E139F9 /* libmoai-osx.a */; };
		220211A0175F0AFD00E139F9 /* libmoai-osx-3rdparty.a in Frameworks */ = {isa = PBXBuildFile; fileRef = 2202119D175F0AFD00E139F9 /* libmoai-osx-3rdparty.a */; };
		220211A1175F0AFD00E139F9 /* libmoai-osx-untz.a in Frameworks */ = {isa = PBXBuildFile; fileRef = 2202119E175F0AFD00E139F9 /* libmoai-osx-untz.a */; };
		220211A2175F0AFD00E139F9 /* libmoai-osx-zlcore.a in Frameworks */ = {isa = PBXBuildFile; fileRef = 2202119F175F0AFD00E139F9 /* libmoai-osx-zlcore.a */; };
		220211A4175F0B2100E139F9 /* libcrypto.dylib in Frameworks */ = {isa = PBXBuildFile; fileRef = 220211A3175F0B2100E139F9 /* libcrypto.dylib */; };
		220211AC175F0B6100E139F9 /* libz.dylib in Frameworks */ = {isa = PBXBuildFile; fileRef = 220211AB175F0B6100E139F9 /* libz.dylib */; };
		220211AE175F0B6C00E139F9 /* libSystem.dylib in Frameworks */ = {isa = PBXBuildFile; fileRef = 220211AD175F0B6C00E139F9 /* libSystem.dylib */; };
		220211B0175F0B7100E139F9 /* libssl.dylib in Frameworks */ = {isa = PBXBuildFile; fileRef = 220211AF175F0B7100E139F9 /* libssl.dylib */; };
		220211F61761DA3000E139F9 /* modules in Resources */ = {isa = PBXBuildFile; fileRef = 220211F51761DA3000E139F9 /* modules */; };
/* End PBXBuildFile section */

/* Begin PBXFileReference section */
		22021147175EF32900E139F9 /* NekoPunch.app */ = {isa = PBXFileReference; explicitFileType = wrapper.application; includeInIndex = 0; path = NekoPunch.app; sourceTree = BUILT_PRODUCTS_DIR; };
		2202114A175EF32900E139F9 /* Cocoa.framework */ = {isa = PBXFileReference; lastKnownFileType = wrapper.framework; name = Cocoa.framework; path = System/Library/Frameworks/Cocoa.framework; sourceTree = SDKROOT; };
		2202114D175EF32900E139F9 /* AppKit.framework */ = {isa = PBXFileReference; lastKnownFileType = wrapper.framework; name = AppKit.framework; path = System/Library/Frameworks/AppKit.framework; sourceTree = SDKROOT; };
		2202114E175EF32900E139F9 /* CoreData.framework */ = {isa = PBXFileReference; lastKnownFileType = wrapper.framework; name = CoreData.framework; path = System/Library/Frameworks/CoreData.framework; sourceTree = SDKROOT; };
		2202114F175EF32900E139F9 /* Foundation.framework */ = {isa = PBXFileReference; lastKnownFileType = wrapper.framework; name = Foundation.framework; path = System/Library/Frameworks/Foundation.framework; sourceTree = SDKROOT; };
		22021152175EF32900E139F9 /* NekoPunch-Info.plist */ = {isa = PBXFileReference; lastKnownFileType = text.plist.xml; path = "NekoPunch-Info.plist"; sourceTree = "<group>"; };
		22021154175EF32900E139F9 /* en */ = {isa = PBXFileReference; lastKnownFileType = text.plist.strings; name = en; path = en.lproj/InfoPlist.strings; sourceTree = "<group>"; };
		22021156175EF32900E139F9 /* main.m */ = {isa = PBXFileReference; lastKnownFileType = sourcecode.c.objc; path = main.m; sourceTree = "<group>"; };
		22021158175EF32900E139F9 /* NekoPunch-Prefix.pch */ = {isa = PBXFileReference; lastKnownFileType = sourcecode.c.h; path = "NekoPunch-Prefix.pch"; sourceTree = "<group>"; };
		2202115A175EF32900E139F9 /* en */ = {isa = PBXFileReference; lastKnownFileType = text.rtf; name = en; path = en.lproj/Credits.rtf; sourceTree = "<group>"; };
		2202115C175EF32900E139F9 /* AppDelegate.h */ = {isa = PBXFileReference; lastKnownFileType = sourcecode.c.h; path = AppDelegate.h; sourceTree = "<group>"; };
		2202115D175EF32900E139F9 /* AppDelegate.m */ = {isa = PBXFileReference; lastKnownFileType = sourcecode.c.objc; path = AppDelegate.m; sourceTree = "<group>"; };
		22021160175EF32900E139F9 /* en */ = {isa = PBXFileReference; lastKnownFileType = file.xib; name = en; path = en.lproj/MainMenu.xib; sourceTree = "<group>"; };
		2202116A175EF43F00E139F9 /* fileUtil.h */ = {isa = PBXFileReference; fileEncoding = 4; lastKnownFileType = sourcecode.c.h; path = fileUtil.h; sourceTree = "<group>"; };
		2202116B175EF43F00E139F9 /* fileUtil.mm */ = {isa = PBXFileReference; fileEncoding = 4; lastKnownFileType = sourcecode.cpp.objcpp; path = fileUtil.mm; sourceTree = "<group>"; };
		2202116C175EF43F00E139F9 /* glUtil.cpp */ = {isa = PBXFileReference; fileEncoding = 4; lastKnownFileType = sourcecode.cpp.cpp; path = glUtil.cpp; sourceTree = "<group>"; };
		2202116D175EF43F00E139F9 /* glUtil.h */ = {isa = PBXFileReference; fileEncoding = 4; lastKnownFileType = sourcecode.c.h; path = glUtil.h; sourceTree = "<group>"; };
		2202116E175EF43F00E139F9 /* sourceUtil.cpp */ = {isa = PBXFileReference; fileEncoding = 4; lastKnownFileType = sourcecode.cpp.cpp; path = sourceUtil.cpp; sourceTree = "<group>"; };
		2202116F175EF43F00E139F9 /* sourceUtil.h */ = {isa = PBXFileReference; fileEncoding = 4; lastKnownFileType = sourcecode.c.h; path = sourceUtil.h; sourceTree = "<group>"; };
		22021170175EF43F00E139F9 /* types.h */ = {isa = PBXFileReference; fileEncoding = 4; lastKnownFileType = sourcecode.c.h; path = types.h; sourceTree = "<group>"; };
		22021175175EF46A00E139F9 /* OpenGL.framework */ = {isa = PBXFileReference; lastKnownFileType = wrapper.framework; name = OpenGL.framework; path = System/Library/Frameworks/OpenGL.framework; sourceTree = SDKROOT; };
		22021177175EF54000E139F9 /* NyanOpenGLView.h */ = {isa = PBXFileReference; fileEncoding = 4; lastKnownFileType = sourcecode.c.h; path = NyanOpenGLView.h; sourceTree = "<group>"; };
		22021178175EF54000E139F9 /* NyanOpenGLView.mm */ = {isa = PBXFileReference; fileEncoding = 4; lastKnownFileType = sourcecode.cpp.objcpp; path = NyanOpenGLView.mm; sourceTree = "<group>"; };
		2202117A175EF57800E139F9 /* GameController.mm */ = {isa = PBXFileReference; fileEncoding = 4; lastKnownFileType = sourcecode.cpp.objcpp; path = GameController.mm; sourceTree = "<group>"; };
		2202117B175EF57800E139F9 /* GameController.h */ = {isa = PBXFileReference; fileEncoding = 4; lastKnownFileType = sourcecode.c.h; path = GameController.h; sourceTree = "<group>"; };
		22021182175EF78900E139F9 /* mathUtil.h */ = {isa = PBXFileReference; fileEncoding = 4; lastKnownFileType = sourcecode.c.h; path = mathUtil.h; sourceTree = "<group>"; };
		22021187175F031600E139F9 /* CoreVideo.framework */ = {isa = PBXFileReference; lastKnownFileType = wrapper.framework; name = CoreVideo.framework; path = Platforms/MacOSX.platform/Developer/SDKs/MacOSX10.7.sdk/System/Library/Frameworks/CoreVideo.framework; sourceTree = DEVELOPER_DIR; };
		22021189175F03AA00E139F9 /* CoreFoundation.framework */ = {isa = PBXFileReference; lastKnownFileType = wrapper.framework; name = CoreFoundation.framework; path = Platforms/MacOSX.platform/Developer/SDKs/MacOSX10.7.sdk/System/Library/Frameworks/CoreFoundation.framework; sourceTree = DEVELOPER_DIR; };
		2202118C175F06A300E139F9 /* libmoai-osx-luaext.a */ = {isa = PBXFileReference; lastKnownFileType = archive.ar; name = "libmoai-osx-luaext.a"; path = "lib/libmoai-osx-luaext.a"; sourceTree = "<group>"; };
		2202118F175F06A300E139F9 /* libmoai-osx.a */ = {isa = PBXFileReference; lastKnownFileType = archive.ar; name = "libmoai-osx.a"; path = "lib/libmoai-osx.a"; sourceTree = "<group>"; };
		2202119D175F0AFD00E139F9 /* libmoai-osx-3rdparty.a */ = {isa = PBXFileReference; lastKnownFileType = archive.ar; name = "libmoai-osx-3rdparty.a"; path = "lib/libmoai-osx-3rdparty.a"; sourceTree = "<group>"; };
		2202119E175F0AFD00E139F9 /* libmoai-osx-untz.a */ = {isa = PBXFileReference; lastKnownFileType = archive.ar; name = "libmoai-osx-untz.a"; path = "lib/libmoai-osx-untz.a"; sourceTree = "<group>"; };
		2202119F175F0AFD00E139F9 /* libmoai-osx-zlcore.a */ = {isa = PBXFileReference; lastKnownFileType = archive.ar; name = "libmoai-osx-zlcore.a"; path = "lib/libmoai-osx-zlcore.a"; sourceTree = "<group>"; };
		220211A3175F0B2100E139F9 /* libcrypto.dylib */ = {isa = PBXFileReference; lastKnownFileType = "compiled.mach-o.dylib"; name = libcrypto.dylib; path = Platforms/MacOSX.platform/Developer/SDKs/MacOSX10.7.sdk/usr/lib/libcrypto.dylib; sourceTree = DEVELOPER_DIR; };
		220211AB175F0B6100E139F9 /* libz.dylib */ = {isa = PBXFileReference; lastKnownFileType = "compiled.mach-o.dylib"; name = libz.dylib; path = Platforms/MacOSX.platform/Developer/SDKs/MacOSX10.7.sdk/usr/lib/libz.dylib; sourceTree = DEVELOPER_DIR; };
		220211AD175F0B6C00E139F9 /* libSystem.dylib */ = {isa = PBXFileReference; lastKnownFileType = "compiled.mach-o.dylib"; name = libSystem.dylib; path = Platforms/MacOSX.platform/Developer/SDKs/MacOSX10.7.sdk/usr/lib/libSystem.dylib; sourceTree = DEVELOPER_DIR; };
		220211AF175F0B7100E139F9 /* libssl.dylib */ = {isa = PBXFileReference; lastKnownFileType = "compiled.mach-o.dylib"; name = libssl.dylib; path = Platforms/MacOSX.platform/Developer/SDKs/MacOSX10.7.sdk/usr/lib/libssl.dylib; sourceTree = DEVELOPER_DIR; };
		220211F51761DA3000E139F9 /* modules */ = {isa = PBXFileReference; lastKnownFileType = folder; name = modules; path = ../../../modules; sourceTree = "<group>"; };
/* End PBXFileReference section */

/* Begin PBXFrameworksBuildPhase section */
		22021144175EF32900E139F9 /* Frameworks */ = {
			isa = PBXFrameworksBuildPhase;
			buildActionMask = 2147483647;
			files = (
				220211B0175F0B7100E139F9 /* libssl.dylib in Frameworks */,
				220211AE175F0B6C00E139F9 /* libSystem.dylib in Frameworks */,
				220211AC175F0B6100E139F9 /* libz.dylib in Frameworks */,
				220211A4175F0B2100E139F9 /* libcrypto.dylib in Frameworks */,
				220211A0175F0AFD00E139F9 /* libmoai-osx-3rdparty.a in Frameworks */,
				220211A1175F0AFD00E139F9 /* libmoai-osx-untz.a in Frameworks */,
				220211A2175F0AFD00E139F9 /* libmoai-osx-zlcore.a in Frameworks */,
				22021191175F06A400E139F9 /* libmoai-osx-luaext.a in Frameworks */,
				22021194175F06A400E139F9 /* libmoai-osx.a in Frameworks */,
				2202118A175F03AA00E139F9 /* CoreFoundation.framework in Frameworks */,
				22021188175F031600E139F9 /* CoreVideo.framework in Frameworks */,
				22021176175EF46A00E139F9 /* OpenGL.framework in Frameworks */,
				2202114B175EF32900E139F9 /* Cocoa.framework in Frameworks */,
			);
			runOnlyForDeploymentPostprocessing = 0;
		};
/* End PBXFrameworksBuildPhase section */

/* Begin PBXGroup section */
		2202113E175EF32900E139F9 = {
			isa = PBXGroup;
			children = (
				22021150175EF32900E139F9 /* NekoPunch */,
				22021149175EF32900E139F9 /* Frameworks */,
				22021148175EF32900E139F9 /* Products */,
			);
			sourceTree = "<group>";
		};
		22021148175EF32900E139F9 /* Products */ = {
			isa = PBXGroup;
			children = (
				22021147175EF32900E139F9 /* NekoPunch.app */,
			);
			name = Products;
			sourceTree = "<group>";
		};
		22021149175EF32900E139F9 /* Frameworks */ = {
			isa = PBXGroup;
			children = (
				220211AF175F0B7100E139F9 /* libssl.dylib */,
				220211AD175F0B6C00E139F9 /* libSystem.dylib */,
				220211AB175F0B6100E139F9 /* libz.dylib */,
				220211A3175F0B2100E139F9 /* libcrypto.dylib */,
				2202119D175F0AFD00E139F9 /* libmoai-osx-3rdparty.a */,
				2202119E175F0AFD00E139F9 /* libmoai-osx-untz.a */,
				2202119F175F0AFD00E139F9 /* libmoai-osx-zlcore.a */,
				2202118C175F06A300E139F9 /* libmoai-osx-luaext.a */,
				2202118F175F06A300E139F9 /* libmoai-osx.a */,
				22021189175F03AA00E139F9 /* CoreFoundation.framework */,
				22021187175F031600E139F9 /* CoreVideo.framework */,
				22021175175EF46A00E139F9 /* OpenGL.framework */,
				2202114A175EF32900E139F9 /* Cocoa.framework */,
				2202114C175EF32900E139F9 /* Other Frameworks */,
			);
			name = Frameworks;
			sourceTree = "<group>";
		};
		2202114C175EF32900E139F9 /* Other Frameworks */ = {
			isa = PBXGroup;
			children = (
				2202114D175EF32900E139F9 /* AppKit.framework */,
				2202114E175EF32900E139F9 /* CoreData.framework */,
				2202114F175EF32900E139F9 /* Foundation.framework */,
			);
			name = "Other Frameworks";
			sourceTree = "<group>";
		};
		22021150175EF32900E139F9 /* NekoPunch */ = {
			isa = PBXGroup;
			children = (
				220211F51761DA3000E139F9 /* modules */,
				22021180175EF78900E139F9 /* math */,
				22021167175EF43F00E139F9 /* util */,
				2202115C175EF32900E139F9 /* AppDelegate.h */,
				2202115D175EF32900E139F9 /* AppDelegate.m */,
				22021177175EF54000E139F9 /* NyanOpenGLView.h */,
				22021178175EF54000E139F9 /* NyanOpenGLView.mm */,
				2202117A175EF57800E139F9 /* GameController.mm */,
				2202117B175EF57800E139F9 /* GameController.h */,
				2202115F175EF32900E139F9 /* MainMenu.xib */,
				22021151175EF32900E139F9 /* Supporting Files */,
			);
			path = NekoPunch;
			sourceTree = "<group>";
		};
		22021151175EF32900E139F9 /* Supporting Files */ = {
			isa = PBXGroup;
			children = (
				22021152175EF32900E139F9 /* NekoPunch-Info.plist */,
				22021153175EF32900E139F9 /* InfoPlist.strings */,
				22021156175EF32900E139F9 /* main.m */,
				22021158175EF32900E139F9 /* NekoPunch-Prefix.pch */,
				22021159175EF32900E139F9 /* Credits.rtf */,
			);
			name = "Supporting Files";
			sourceTree = "<group>";
		};
		22021167175EF43F00E139F9 /* util */ = {
			isa = PBXGroup;
			children = (
				2202116A175EF43F00E139F9 /* fileUtil.h */,
				2202116B175EF43F00E139F9 /* fileUtil.mm */,
				2202116C175EF43F00E139F9 /* glUtil.cpp */,
				2202116D175EF43F00E139F9 /* glUtil.h */,
				2202116E175EF43F00E139F9 /* sourceUtil.cpp */,
				2202116F175EF43F00E139F9 /* sourceUtil.h */,
				22021170175EF43F00E139F9 /* types.h */,
			);
			path = util;
			sourceTree = "<group>";
		};
		22021180175EF78900E139F9 /* math */ = {
			isa = PBXGroup;
			children = (
				22021182175EF78900E139F9 /* mathUtil.h */,
			);
			path = math;
			sourceTree = "<group>";
		};
/* End PBXGroup section */

/* Begin PBXNativeTarget section */
		22021146175EF32900E139F9 /* NekoPunch */ = {
			isa = PBXNativeTarget;
			buildConfigurationList = 22021164175EF32900E139F9 /* Build configuration list for PBXNativeTarget "NekoPunch" */;
			buildPhases = (
				22021143175EF32900E139F9 /* Sources */,
				22021144175EF32900E139F9 /* Frameworks */,
				22021145175EF32900E139F9 /* Resources */,
			);
			buildRules = (
			);
			dependencies = (
			);
			name = NekoPunch;
			productName = NekoPunch;
			productReference = 22021147175EF32900E139F9 /* NekoPunch.app */;
			productType = "com.apple.product-type.application";
		};
/* End PBXNativeTarget section */

/* Begin PBXProject section */
		2202113F175EF32900E139F9 /* Project object */ = {
			isa = PBXProject;
			attributes = {
				LastUpgradeCheck = 0460;
				ORGANIZATIONNAME = "Samuel Cartwright";
			};
			buildConfigurationList = 22021142175EF32900E139F9 /* Build configuration list for PBXProject "NekoPunch" */;
			compatibilityVersion = "Xcode 3.2";
			developmentRegion = English;
			hasScannedForEncodings = 0;
			knownRegions = (
				en,
			);
			mainGroup = 2202113E175EF32900E139F9;
			productRefGroup = 22021148175EF32900E139F9 /* Products */;
			projectDirPath = "";
			projectRoot = "";
			targets = (
				22021146175EF32900E139F9 /* NekoPunch */,
			);
		};
/* End PBXProject section */

/* Begin PBXResourcesBuildPhase section */
		22021145175EF32900E139F9 /* Resources */ = {
			isa = PBXResourcesBuildPhase;
			buildActionMask = 2147483647;
			files = (
				22021155175EF32900E139F9 /* InfoPlist.strings in Resources */,
				2202115B175EF32900E139F9 /* Credits.rtf in Resources */,
				22021161175EF32900E139F9 /* MainMenu.xib in Resources */,
				220211F61761DA3000E139F9 /* modules in Resources */,
			);
			runOnlyForDeploymentPostprocessing = 0;
		};
/* End PBXResourcesBuildPhase section */

/* Begin PBXSourcesBuildPhase section */
		22021143175EF32900E139F9 /* Sources */ = {
			isa = PBXSourcesBuildPhase;
			buildActionMask = 2147483647;
			files = (
				22021157175EF32900E139F9 /* main.m in Sources */,
				2202115E175EF32900E139F9 /* AppDelegate.m in Sources */,
				22021172175EF43F00E139F9 /* fileUtil.mm in Sources */,
				22021173175EF43F00E139F9 /* glUtil.cpp in Sources */,
				22021174175EF43F00E139F9 /* sourceUtil.cpp in Sources */,
				22021179175EF54000E139F9 /* NyanOpenGLView.mm in Sources */,
				2202117C175EF57800E139F9 /* GameController.mm in Sources */,
			);
			runOnlyForDeploymentPostprocessing = 0;
		};
/* End PBXSourcesBuildPhase section */

/* Begin PBXVariantGroup section */
		22021153175EF32900E139F9 /* InfoPlist.strings */ = {
			isa = PBXVariantGroup;
			children = (
				22021154175EF32900E139F9 /* en */,
			);
			name = InfoPlist.strings;
			sourceTree = "<group>";
		};
		22021159175EF32900E139F9 /* Credits.rtf */ = {
			isa = PBXVariantGroup;
			children = (
				2202115A175EF32900E139F9 /* en */,
			);
			name = Credits.rtf;
			sourceTree = "<group>";
		};
		2202115F175EF32900E139F9 /* MainMenu.xib */ = {
			isa = PBXVariantGroup;
			children = (
				22021160175EF32900E139F9 /* en */,
			);
			name = MainMenu.xib;
			sourceTree = "<group>";
		};
/* End PBXVariantGroup section */

/* Begin XCBuildConfiguration section */
		22021162175EF32900E139F9 /* Debug */ = {
			isa = XCBuildConfiguration;
			buildSettings = {
				ALWAYS_SEARCH_USER_PATHS = NO;
				ARCHS = "$(ARCHS_STANDARD_32_BIT)";
				CLANG_CXX_LANGUAGE_STANDARD = "gnu++0x";
				CLANG_CXX_LIBRARY = "libc++";
				CLANG_WARN_CONSTANT_CONVERSION = YES;
				CLANG_WARN_EMPTY_BODY = YES;
				CLANG_WARN_ENUM_CONVERSION = YES;
				CLANG_WARN_INT_CONVERSION = YES;
				CLANG_WARN__DUPLICATE_METHOD_MATCH = YES;
				COPY_PHASE_STRIP = NO;
				GCC_C_LANGUAGE_STANDARD = gnu99;
				GCC_DYNAMIC_NO_PIC = NO;
				GCC_ENABLE_OBJC_EXCEPTIONS = YES;
				GCC_OPTIMIZATION_LEVEL = 0;
				GCC_PREPROCESSOR_DEFINITIONS = (
					"DEBUG=1",
					"$(inherited)",
				);
				GCC_SYMBOLS_PRIVATE_EXTERN = NO;
				GCC_WARN_64_TO_32_BIT_CONVERSION = YES;
				GCC_WARN_ABOUT_RETURN_TYPE = YES;
				GCC_WARN_UNINITIALIZED_AUTOS = YES;
				GCC_WARN_UNUSED_VARIABLE = YES;
				MACOSX_DEPLOYMENT_TARGET = 10.7;
				ONLY_ACTIVE_ARCH = YES;
				SDKROOT = macosx;
			};
			name = Debug;
		};
		22021163175EF32900E139F9 /* Release */ = {
			isa = XCBuildConfiguration;
			buildSettings = {
				ALWAYS_SEARCH_USER_PATHS = NO;
				ARCHS = "$(ARCHS_STANDARD_32_BIT)";
				CLANG_CXX_LANGUAGE_STANDARD = "gnu++0x";
				CLANG_CXX_LIBRARY = "libc++";
				CLANG_WARN_CONSTANT_CONVERSION = YES;
				CLANG_WARN_EMPTY_BODY = YES;
				CLANG_WARN_ENUM_CONVERSION = YES;
				CLANG_WARN_INT_CONVERSION = YES;
				CLANG_WARN__DUPLICATE_METHOD_MATCH = YES;
				COPY_PHASE_STRIP = YES;
				DEBUG_INFORMATION_FORMAT = "dwarf-with-dsym";
				GCC_C_LANGUAGE_STANDARD = gnu99;
				GCC_ENABLE_OBJC_EXCEPTIONS = YES;
				GCC_WARN_64_TO_32_BIT_CONVERSION = YES;
				GCC_WARN_ABOUT_RETURN_TYPE = YES;
				GCC_WARN_UNINITIALIZED_AUTOS = YES;
				GCC_WARN_UNUSED_VARIABLE = YES;
				MACOSX_DEPLOYMENT_TARGET = 10.7;
				SDKROOT = macosx;
			};
			name = Release;
		};
		22021165175EF32900E139F9 /* Debug */ = {
			isa = XCBuildConfiguration;
			buildSettings = {
				CLANG_CXX_LIBRARY = "libstdc++";
				COMBINE_HIDPI_IMAGES = YES;
				GCC_PRECOMPILE_PREFIX_HEADER = YES;
				GCC_PREFIX_HEADER = "NekoPunch/NekoPunch-Prefix.pch";
				GCC_PREPROCESSOR_DEFINITIONS = (
					OSX,
					"DEBUG=1",
				);
				HEADER_SEARCH_PATHS = include;
				INFOPLIST_FILE = "NekoPunch/NekoPunch-Info.plist";
				LIBRARY_SEARCH_PATHS = (
					"$(inherited)",
					"\"$(SRCROOT)/lib\"",
				);
				PRODUCT_NAME = "$(TARGET_NAME)";
				SDKROOT = macosx10.7;
				WRAPPER_EXTENSION = app;
			};
			name = Debug;
		};
		22021166175EF32900E139F9 /* Release */ = {
			isa = XCBuildConfiguration;
			buildSettings = {
				CLANG_CXX_LIBRARY = "libstdc++";
				COMBINE_HIDPI_IMAGES = YES;
				GCC_PRECOMPILE_PREFIX_HEADER = YES;
				GCC_PREFIX_HEADER = "NekoPunch/NekoPunch-Prefix.pch";
				GCC_PREPROCESSOR_DEFINITIONS = OSX;
				HEADER_SEARCH_PATHS = include;
				INFOPLIST_FILE = "NekoPunch/NekoPunch-Info.plist";
				LIBRARY_SEARCH_PATHS = (
					"$(inherited)",
					"\"$(SRCROOT)/lib\"",
				);
				PRODUCT_NAME = "$(TARGET_NAME)";
				SDKROOT = macosx10.7;
				WRAPPER_EXTENSION = app;
			};
			name = Release;
		};
/* End XCBuildConfiguration section */

/* Begin XCConfigurationList section */
		22021142175EF32900E139F9 /* Build configuration list for PBXProject "NekoPunch" */ = {
			isa = XCConfigurationList;
			buildConfigurations = (
				22021162175EF32900E139F9 /* Debug */,
				22021163175EF32900E139F9 /* Release */,
			);
			defaultConfigurationIsVisible = 0;
			defaultConfigurationName = Release;
		};
		22021164175EF32900E139F9 /* Build configuration list for PBXNativeTarget "NekoPunch" */ = {
			isa = XCConfigurationList;
			buildConfigurations = (
				22021165175EF32900E139F9 /* Debug */,
				22021166175EF32900E139F9 /* Release */,
			);
			defaultConfigurationIsVisible = 0;
			defaultConfigurationName = Release;
		};
/* End XCConfigurationList section */
	};
	rootObject = 2202113F175EF32900E139F9 /* Project object */;
}
